
Microsoft Visual Studio Solution File, Format Version 12.00
# Visual Studio Version 16
VisualStudioVersion = 16.0.31321.278
MinimumVisualStudioVersion = 10.0.40219.1
Project("{FAE04EC0-301F-11D3-BF4B-00C04F79EFBC}") = "CheckListBox", "CheckListBox.csproj", "{B66DCD3A-BA5F-480E-94A3-FA2A240AA1E0}"
EndProject
Global
	GlobalSection(SolutionConfigurationPlatforms) = preSolution
		Debug|Any CPU = Debug|Any CPU
		Release|Any CPU = Release|Any CPU
	EndGlobalSection
	GlobalSection(ProjectConfigurationPlatforms) = postSolution
		{B66DCD3A-BA5F-480E-94A3-FA2A240AA1E0}.Debug|Any CPU.ActiveCfg = Debug|Any CPU
		{B66DCD3A-BA5F-480E-94A3-FA2A240AA1E0}.Debug|Any CPU.Build.0 = Debug|Any CPU
		{B66DCD3A-BA5F-480E-94A3-FA2A240AA1E0}.Release|Any CPU.ActiveCfg = Release|Any CPU
		{B66DCD3A-BA5F-480E-94A3-FA2A240AA1E0}.Release|Any CPU.Build.0 = Release|Any CPU
	EndGlobalSection
	GlobalSection(SolutionProperties) = preSolution
		HideSolutionNode = FALSE
	EndGlobalSection
	GlobalSection(ExtensibilityGlobals) = postSolution
		SolutionGuid = {1E6A653F-D56C-4347-BEB3-D0A161EE27CC}
	EndGlobalSection
EndGlobal
